
Microsoft Visual Studio Solution File, Format Version 12.00
# Visual Studio 15
VisualStudioVersion = 15.0.28010.2036
MinimumVisualStudioVersion = 10.0.40219.1
Project("{2150E333-8FDC-42A3-9474-1A3956D46DE8}") = "Test", "Test", "{63077FE8-D006-40F7-884E-417FC0D641BA}"
EndProject
Project("{9A19103F-16F7-4668-BE54-9A1E7A4F7556}") = "Serilog.Sinks.RollingFile.Extension", "src\Serilog.Sinks.RollingFile.Extension\Serilog.Sinks.RollingFile.Extension.csproj", "{30F1F9D5-7B3C-4525-8672-EC00E71899A4}"
EndProject
Project("{FAE04EC0-301F-11D3-BF4B-00C04F79EFBC}") = "Serilog.Sinks.RollingFile.Test", "test\Serilog.Sinks.RollingFile.Test\Serilog.Sinks.RollingFile.Test.csproj", "{1CA76B45-B8A4-48E0-A120-DA56F2BD7A18}"
EndProject
Project("{FAE04EC0-301F-11D3-BF4B-00C04F79EFBC}") = "Serilog.Sinks.RollingFile.AcceptanceTest", "test\Serilog.Sinks.RollingFile.AcceptanceTest\Serilog.Sinks.RollingFile.AcceptanceTest.csproj", "{213C5159-C33B-42ED-B8E7-2662555DFD2F}"
EndProject
Global
	GlobalSection(SolutionConfigurationPlatforms) = preSolution
		Debug|Any CPU = Debug|Any CPU
		Release|Any CPU = Release|Any CPU
	EndGlobalSection
	GlobalSection(ProjectConfigurationPlatforms) = postSolution
		{30F1F9D5-7B3C-4525-8672-EC00E71899A4}.Debug|Any CPU.ActiveCfg = Debug|Any CPU
		{30F1F9D5-7B3C-4525-8672-EC00E71899A4}.Debug|Any CPU.Build.0 = Debug|Any CPU
		{30F1F9D5-7B3C-4525-8672-EC00E71899A4}.Release|Any CPU.ActiveCfg = Release|Any CPU
		{30F1F9D5-7B3C-4525-8672-EC00E71899A4}.Release|Any CPU.Build.0 = Release|Any CPU
		{1CA76B45-B8A4-48E0-A120-DA56F2BD7A18}.Debug|Any CPU.ActiveCfg = Debug|Any CPU
		{1CA76B45-B8A4-48E0-A120-DA56F2BD7A18}.Debug|Any CPU.Build.0 = Debug|Any CPU
		{1CA76B45-B8A4-48E0-A120-DA56F2BD7A18}.Release|Any CPU.ActiveCfg = Release|Any CPU
		{1CA76B45-B8A4-48E0-A120-DA56F2BD7A18}.Release|Any CPU.Build.0 = Release|Any CPU
		{213C5159-C33B-42ED-B8E7-2662555DFD2F}.Debug|Any CPU.ActiveCfg = Debug|Any CPU
		{213C5159-C33B-42ED-B8E7-2662555DFD2F}.Debug|Any CPU.Build.0 = Debug|Any CPU
		{213C5159-C33B-42ED-B8E7-2662555DFD2F}.Release|Any CPU.ActiveCfg = Release|Any CPU
		{213C5159-C33B-42ED-B8E7-2662555DFD2F}.Release|Any CPU.Build.0 = Release|Any CPU
	EndGlobalSection
	GlobalSection(SolutionProperties) = preSolution
		HideSolutionNode = FALSE
	EndGlobalSection
	GlobalSection(NestedProjects) = preSolution
		{1CA76B45-B8A4-48E0-A120-DA56F2BD7A18} = {63077FE8-D006-40F7-884E-417FC0D641BA}
		{213C5159-C33B-42ED-B8E7-2662555DFD2F} = {63077FE8-D006-40F7-884E-417FC0D641BA}
	EndGlobalSection
	GlobalSection(ExtensibilityGlobals) = postSolution
		SolutionGuid = {9B0F5A20-867A-4E6E-A6FA-38107D68204A}
	EndGlobalSection
EndGlobal
